
Microsoft Visual Studio Solution File, Format Version 12.00
# Visual Studio Version 17
VisualStudioVersion = 17.9.34622.214
MinimumVisualStudioVersion = 10.0.40219.1
Project("{FAE04EC0-301F-11D3-BF4B-00C04F79EFBC}") = "MimApi", "MimApi\MimApi.csproj", "{DBD4E3E1-FA16-4251-B2BD-A2BDBCB7F774}"
EndProject
Global
	GlobalSection(SolutionConfigurationPlatforms) = preSolution
		Debug|Any CPU = Debug|Any CPU
		Release|Any CPU = Release|Any CPU
	EndGlobalSection
	GlobalSection(ProjectConfigurationPlatforms) = postSolution
		{DBD4E3E1-FA16-4251-B2BD-A2BDBCB7F774}.Debug|Any CPU.ActiveCfg = Debug|Any CPU
		{DBD4E3E1-FA16-4251-B2BD-A2BDBCB7F774}.Debug|Any CPU.Build.0 = Debug|Any CPU
		{DBD4E3E1-FA16-4251-B2BD-A2BDBCB7F774}.Release|Any CPU.ActiveCfg = Release|Any CPU
		{DBD4E3E1-FA16-4251-B2BD-A2BDBCB7F774}.Release|Any CPU.Build.0 = Release|Any CPU
	EndGlobalSection
	GlobalSection(SolutionProperties) = preSolution
		HideSolutionNode = FALSE
	EndGlobalSection
	GlobalSection(ExtensibilityGlobals) = postSolution
		SolutionGuid = {F5A07106-98D1-48F0-B437-E3CB16F1F566}
	EndGlobalSection
EndGlobal
